
Microsoft Visual Studio Solution File, Format Version 12.00
# Visual Studio Version 17
VisualStudioVersion = 17.6.33712.159
MinimumVisualStudioVersion = 10.0.40219.1
Project("{FAE04EC0-301F-11D3-BF4B-00C04F79EFBC}") = "AssignmentNlog", "AssignmentNlog.csproj", "{AD1E1F79-41F9-4590-9E1F-EBEEF347AD26}"
EndProject
Global
	GlobalSection(SolutionConfigurationPlatforms) = preSolution
		Debug|Any CPU = Debug|Any CPU
		Release|Any CPU = Release|Any CPU
	EndGlobalSection
	GlobalSection(ProjectConfigurationPlatforms) = postSolution
		{AD1E1F79-41F9-4590-9E1F-EBEEF347AD26}.Debug|Any CPU.ActiveCfg = Debug|Any CPU
		{AD1E1F79-41F9-4590-9E1F-EBEEF347AD26}.Debug|Any CPU.Build.0 = Debug|Any CPU
		{AD1E1F79-41F9-4590-9E1F-EBEEF347AD26}.Release|Any CPU.ActiveCfg = Release|Any CPU
		{AD1E1F79-41F9-4590-9E1F-EBEEF347AD26}.Release|Any CPU.Build.0 = Release|Any CPU
	EndGlobalSection
	GlobalSection(SolutionProperties) = preSolution
		HideSolutionNode = FALSE
	EndGlobalSection
	GlobalSection(ExtensibilityGlobals) = postSolution
		SolutionGuid = {BA6699AF-EE68-4659-8275-3BEC3C7A097F}
	EndGlobalSection
EndGlobal
